PODS:
  - SquareMosaicLayout (4.1.2)

DEPENDENCIES:
  - SquareMosaicLayout (from `../`)

EXTERNAL SOURCES:
  SquareMosaicLayout:
    :path: "../"

SPEC CHECKSUMS:
  SquareMosaicLayout: 3275ad9168cdffc92e405d2af59c89b44f219530

PODFILE CHECKSUM: 8cbdcd7f0d1152e507153da938d532254d3efbb5

COCOAPODS: 1.10.1
